
Microsoft Visual Studio Solution File, Format Version 12.00
# Visual Studio Version 16
VisualStudioVersion = 16.0.34407.143
MinimumVisualStudioVersion = 10.0.40219.1
Project("{FAE04EC0-301F-11D3-BF4B-00C04F79EFBC}") = "ConsoleApp2", "ConsoleApp2\ConsoleApp2.csproj", "{44C2E78A-6E5C-4010-B682-3509F1B06717}"
EndProject
Global
	GlobalSection(SolutionConfigurationPlatforms) = preSolution
		Debug|Any CPU = Debug|Any CPU
		Release|Any CPU = Release|Any CPU
	EndGlobalSection
	GlobalSection(ProjectConfigurationPlatforms) = postSolution
		{44C2E78A-6E5C-4010-B682-3509F1B06717}.Debug|Any CPU.ActiveCfg = Debug|Any CPU
		{44C2E78A-6E5C-4010-B682-3509F1B06717}.Debug|Any CPU.Build.0 = Debug|Any CPU
		{44C2E78A-6E5C-4010-B682-3509F1B06717}.Release|Any CPU.ActiveCfg = Release|Any CPU
		{44C2E78A-6E5C-4010-B682-3509F1B06717}.Release|Any CPU.Build.0 = Release|Any CPU
	EndGlobalSection
	GlobalSection(SolutionProperties) = preSolution
		HideSolutionNode = FALSE
	EndGlobalSection
	GlobalSection(ExtensibilityGlobals) = postSolution
		SolutionGuid = {84EE0A4B-4440-4A56-9585-76039C297B4A}
	EndGlobalSection
EndGlobal
